{
  "nodes": {
    "flake-utils": {
      "locked": {
        "lastModified": 1678901627,
        "narHash": "sha256-U02riOqrKKzwjsxc/400XnElV+UtPUQWpANPlyazjH0=",
        "owner": "numtide",
        "repo": "flake-utils",
        "rev": "93a2b84fc4b70d9e089d029deacc3583435c2ed6",
        "type": "github"
      },
      "original": {
        "owner": "numtide",
        "repo": "flake-utils",
        "type": "github"
      }
    },
    "flake-utils_2": {
      "locked": {
        "lastModified": 1678901627,
        "narHash": "sha256-U02riOqrKKzwjsxc/400XnElV+UtPUQWpANPlyazjH0=",
        "owner": "numtide",
        "repo": "flake-utils",
        "rev": "93a2b84fc4b70d9e089d029deacc3583435c2ed6",
        "type": "github"
      },
      "original": {
        "owner": "numtide",
        "repo": "flake-utils",
        "type": "github"
      }
    },
    "flake-utils_3": {
      "locked": {
        "lastModified": 1678901627,
        "narHash": "sha256-U02riOqrKKzwjsxc/400XnElV+UtPUQWpANPlyazjH0=",
        "owner": "numtide",
        "repo": "flake-utils",
        "rev": "93a2b84fc4b70d9e089d029deacc3583435c2ed6",
        "type": "github"
      },
      "original": {
        "owner": "numtide",
        "repo": "flake-utils",
        "type": "github"
      }
    },
    "help2man": {
      "inputs": {
        "flake-utils": "flake-utils_3",
        "nixpkgs": "nixpkgs_2"
      },
      "locked": {
        "lastModified": 1680544218,
        "narHash": "sha256-Af1xfiCZQvZvCWnMxIc01zxBCtdHCz0zEPIk0avdsjA=",
        "owner": "Freed-Wu",
        "repo": "help2man",
        "rev": "07c3d1d3c98ce80e064210f034621052ad3ab628",
        "type": "github"
      },
      "original": {
        "owner": "Freed-Wu",
        "repo": "help2man",
        "type": "github"
      }
    },
    "nixpkgs": {
      "locked": {
        "lastModified": 1680398059,
        "narHash": "sha256-qtbKRe+pWuf5nNINdiCgn6EwOIQZxj0Ig/wybBpFNkQ=",
        "owner": "nixos",
        "repo": "nixpkgs",
        "rev": "7c656856e9eb863c4d21c83e2601dd77f95f6941",
        "type": "github"
      },
      "original": {
        "owner": "nixos",
        "ref": "nixos-unstable",
        "repo": "nixpkgs",
        "type": "github"
      }
    },
    "nixpkgs_2": {
      "locked": {
        "lastModified": 1680213900,
        "narHash": "sha256-cIDr5WZIj3EkKyCgj/6j3HBH4Jj1W296z7HTcWj1aMA=",
        "owner": "nixos",
        "repo": "nixpkgs",
        "rev": "e3652e0735fbec227f342712f180f4f21f0594f2",
        "type": "github"
      },
      "original": {
        "owner": "nixos",
        "ref": "nixos-unstable",
        "repo": "nixpkgs",
        "type": "github"
      }
    },
    "nixpkgs_3": {
      "locked": {
        "lastModified": 1680398059,
        "narHash": "sha256-qtbKRe+pWuf5nNINdiCgn6EwOIQZxj0Ig/wybBpFNkQ=",
        "owner": "nixos",
        "repo": "nixpkgs",
        "rev": "7c656856e9eb863c4d21c83e2601dd77f95f6941",
        "type": "github"
      },
      "original": {
        "owner": "nixos",
        "ref": "nixos-unstable",
        "repo": "nixpkgs",
        "type": "github"
      }
    },
    "python-setuptools-generate": {
      "inputs": {
        "flake-utils": "flake-utils_2",
        "help2man": "help2man",
        "nixpkgs": "nixpkgs_3"
      },
      "locked": {
        "lastModified": 1680547952,
        "narHash": "sha256-t9SrgarfT4vvvBZnF0CSwRGff1cPUibmUm4ByJGLYrk=",
        "owner": "Freed-Wu",
        "repo": "setuptools-generate",
        "rev": "384f7c2dcf1bc2161ce3dc05c8f0662b46d55dfb",
        "type": "github"
      },
      "original": {
        "owner": "Freed-Wu",
        "repo": "setuptools-generate",
        "type": "github"
      }
    },
    "root": {
      "inputs": {
        "flake-utils": "flake-utils",
        "nixpkgs": "nixpkgs",
        "python-setuptools-generate": "python-setuptools-generate"
      }
    }
  },
  "root": "root",
  "version": 7
}
